// !$*UTF8*$!
{
	archiveVersion = 1;
	classes = {
	};
	objectVersion = 48;
	objects = {

/* Begin PBXBuildFile section */
		789876C82032EA3D00D830F6 /* Keyword+CoreDataClass.swift in Sources */ = {isa = PBXBuildFile; fileRef = 789876C42032EA3D00D830F6 /* Keyword+CoreDataClass.swift */; };
		789876C92032EA3D00D830F6 /* Keyword+CoreDataProperties.swift in Sources */ = {isa = PBXBuildFile; fileRef = 789876C52032EA3D00D830F6 /* Keyword+CoreDataProperties.swift */; };
		789876CA2032EA3D00D830F6 /* Image+CoreDataClass.swift in Sources */ = {isa = PBXBuildFile; fileRef = 789876C62032EA3D00D830F6 /* Image+CoreDataClass.swift */; };
		789876CB2032EA3D00D830F6 /* Image+CoreDataProperties.swift in Sources */ = {isa = PBXBuildFile; fileRef = 789876C72032EA3D00D830F6 /* Image+CoreDataProperties.swift */; };
		78CEE31F20334F980083A568 /* RefreshContents.xib in Resources */ = {isa = PBXBuildFile; fileRef = 78CEE31E20334F980083A568 /* RefreshContents.xib */; };
		78DE91572032871F00FCA10A /* AppDelegate.swift in Sources */ = {isa = PBXBuildFile; fileRef = 78DE91562032871F00FCA10A /* AppDelegate.swift */; };
		78DE915C2032871F00FCA10A /* Main.storyboard in Resources */ = {isa = PBXBuildFile; fileRef = 78DE915A2032871F00FCA10A /* Main.storyboard */; };
		78DE91612032871F00FCA10A /* LaunchScreen.storyboard in Resources */ = {isa = PBXBuildFile; fileRef = 78DE915F2032871F00FCA10A /* LaunchScreen.storyboard */; };
		78DE916B2032939800FCA10A /* client.swift in Sources */ = {isa = PBXBuildFile; fileRef = 78DE916A2032939800FCA10A /* client.swift */; };
		78DE916D2032953300FCA10A /* FlickerImagesViewController.swift in Sources */ = {isa = PBXBuildFile; fileRef = 78DE916C2032953300FCA10A /* FlickerImagesViewController.swift */; };
		78DE91722032977300FCA10A /* commonFunctions.swift in Sources */ = {isa = PBXBuildFile; fileRef = 78DE91712032977300FCA10A /* commonFunctions.swift */; };
		78DE9174203297D100FCA10A /* CoreDataManager.swift in Sources */ = {isa = PBXBuildFile; fileRef = 78DE9173203297D100FCA10A /* CoreDataManager.swift */; };
		78DE91762032982700FCA10A /* Constants.swift in Sources */ = {isa = PBXBuildFile; fileRef = 78DE91752032982700FCA10A /* Constants.swift */; };
		78DE917920329A6100FCA10A /* SharkFeed.xcdatamodeld in Sources */ = {isa = PBXBuildFile; fileRef = 78DE917720329A6100FCA10A /* SharkFeed.xcdatamodeld */; };
		78DE917B20329AB600FCA10A /* CoreDataStack.swift in Sources */ = {isa = PBXBuildFile; fileRef = 78DE917A20329AB600FCA10A /* CoreDataStack.swift */; };
		78DE91892032A96A00FCA10A /* Assets.xcassets in Resources */ = {isa = PBXBuildFile; fileRef = 78DE91882032A96A00FCA10A /* Assets.xcassets */; };
		78DE918B2032B0CF00FCA10A /* SharkCollectionViewCell.swift in Sources */ = {isa = PBXBuildFile; fileRef = 78DE918A2032B0CF00FCA10A /* SharkCollectionViewCell.swift */; };
/* End PBXBuildFile section */

/* Begin PBXFileReference section */
		789876C42032EA3D00D830F6 /* Keyword+CoreDataClass.swift */ = {isa = PBXFileReference; lastKnownFileType = sourcecode.swift; path = "Keyword+CoreDataClass.swift"; sourceTree = "<group>"; };
		789876C52032EA3D00D830F6 /* Keyword+CoreDataProperties.swift */ = {isa = PBXFileReference; lastKnownFileType = sourcecode.swift; path = "Keyword+CoreDataProperties.swift"; sourceTree = "<group>"; };
		789876C62032EA3D00D830F6 /* Image+CoreDataClass.swift */ = {isa = PBXFileReference; lastKnownFileType = sourcecode.swift; path = "Image+CoreDataClass.swift"; sourceTree = "<group>"; };
		789876C72032EA3D00D830F6 /* Image+CoreDataProperties.swift */ = {isa = PBXFileReference; lastKnownFileType = sourcecode.swift; path = "Image+CoreDataProperties.swift"; sourceTree = "<group>"; };
		78CEE31E20334F980083A568 /* RefreshContents.xib */ = {isa = PBXFileReference; lastKnownFileType = file.xib; name = RefreshContents.xib; path = SharkFeed/View/RefreshContents.xib; sourceTree = SOURCE_ROOT; };
		78DE91532032871F00FCA10A /* SharkFeed.app */ = {isa = PBXFileReference; explicitFileType = wrapper.application; includeInIndex = 0; path = SharkFeed.app; sourceTree = BUILT_PRODUCTS_DIR; };
		78DE91562032871F00FCA10A /* AppDelegate.swift */ = {isa = PBXFileReference; lastKnownFileType = sourcecode.swift; path = AppDelegate.swift; sourceTree = "<group>"; };
		78DE915B2032871F00FCA10A /* Base */ = {isa = PBXFileReference; lastKnownFileType = file.storyboard; name = Base; path = Base.lproj/Main.storyboard; sourceTree = "<group>"; };
		78DE91602032871F00FCA10A /* Base */ = {isa = PBXFileReference; lastKnownFileType = file.storyboard; name = Base; path = Base.lproj/LaunchScreen.storyboard; sourceTree = "<group>"; };
		78DE91622032871F00FCA10A /* Info.plist */ = {isa = PBXFileReference; lastKnownFileType = text.plist.xml; path = Info.plist; sourceTree = "<group>"; };
		78DE916A2032939800FCA10A /* client.swift */ = {isa = PBXFileReference; lastKnownFileType = sourcecode.swift; path = client.swift; sourceTree = "<group>"; };
		78DE916C2032953300FCA10A /* FlickerImagesViewController.swift */ = {isa = PBXFileReference; lastKnownFileType = sourcecode.swift; path = FlickerImagesViewController.swift; sourceTree = "<group>"; };
		78DE91712032977300FCA10A /* commonFunctions.swift */ = {isa = PBXFileReference; lastKnownFileType = sourcecode.swift; path = commonFunctions.swift; sourceTree = "<group>"; };
		78DE9173203297D100FCA10A /* CoreDataManager.swift */ = {isa = PBXFileReference; lastKnownFileType = sourcecode.swift; path = CoreDataManager.swift; sourceTree = "<group>"; };
		78DE91752032982700FCA10A /* Constants.swift */ = {isa = PBXFileReference; lastKnownFileType = sourcecode.swift; path = Constants.swift; sourceTree = "<group>"; };
		78DE917820329A6100FCA10A /* SharkFeed.xcdatamodel */ = {isa = PBXFileReference; lastKnownFileType = wrapper.xcdatamodel; path = SharkFeed.xcdatamodel; sourceTree = "<group>"; };
		78DE917A20329AB600FCA10A /* CoreDataStack.swift */ = {isa = PBXFileReference; lastKnownFileType = sourcecode.swift; path = CoreDataStack.swift; sourceTree = "<group>"; };
		78DE91882032A96A00FCA10A /* Assets.xcassets */ = {isa = PBXFileReference; lastKnownFileType = folder.assetcatalog; path = Assets.xcassets; sourceTree = "<group>"; };
		78DE918A2032B0CF00FCA10A /* SharkCollectionViewCell.swift */ = {isa = PBXFileReference; lastKnownFileType = sourcecode.swift; path = SharkCollectionViewCell.swift; sourceTree = "<group>"; };
/* End PBXFileReference section */

/* Begin PBXFrameworksBuildPhase section */
		78DE91502032871F00FCA10A /* Frameworks */ = {
			isa = PBXFrameworksBuildPhase;
			buildActionMask = 2147483647;
			files = (
			);
			runOnlyForDeploymentPostprocessing = 0;
		};
/* End PBXFrameworksBuildPhase section */

/* Begin PBXGroup section */
		78DE914A2032871F00FCA10A = {
			isa = PBXGroup;
			children = (
				78DE91552032871F00FCA10A /* SharkFeed */,
				78DE91542032871F00FCA10A /* Products */,
			);
			sourceTree = "<group>";
		};
		78DE91542032871F00FCA10A /* Products */ = {
			isa = PBXGroup;
			children = (
				78DE91532032871F00FCA10A /* SharkFeed.app */,
			);
			name = Products;
			sourceTree = "<group>";
		};
		78DE91552032871F00FCA10A /* SharkFeed */ = {
			isa = PBXGroup;
			children = (
				78DE91842032A6CE00FCA10A /* Model */,
				78DE91562032871F00FCA10A /* AppDelegate.swift */,
				78DE91872032A71C00FCA10A /* Controller */,
				78DE91862032A70000FCA10A /* View */,
				78DE91622032871F00FCA10A /* Info.plist */,
				78DE91852032A6EF00FCA10A /* Helpers */,
			);
			path = SharkFeed;
			sourceTree = "<group>";
		};
		78DE91842032A6CE00FCA10A /* Model */ = {
			isa = PBXGroup;
			children = (
				789876C42032EA3D00D830F6 /* Keyword+CoreDataClass.swift */,
				789876C52032EA3D00D830F6 /* Keyword+CoreDataProperties.swift */,
				789876C62032EA3D00D830F6 /* Image+CoreDataClass.swift */,
				789876C72032EA3D00D830F6 /* Image+CoreDataProperties.swift */,
				78DE917720329A6100FCA10A /* SharkFeed.xcdatamodeld */,
				78DE9173203297D100FCA10A /* CoreDataManager.swift */,
				78DE917A20329AB600FCA10A /* CoreDataStack.swift */,
			);
			path = Model;
			sourceTree = "<group>";
		};
		78DE91852032A6EF00FCA10A /* Helpers */ = {
			isa = PBXGroup;
			children = (
				78DE916A2032939800FCA10A /* client.swift */,
				78DE91752032982700FCA10A /* Constants.swift */,
				78DE91712032977300FCA10A /* commonFunctions.swift */,
			);
			path = Helpers;
			sourceTree = "<group>";
		};
		78DE91862032A70000FCA10A /* View */ = {
			isa = PBXGroup;
			children = (
				78DE918A2032B0CF00FCA10A /* SharkCollectionViewCell.swift */,
				78DE915A2032871F00FCA10A /* Main.storyboard */,
				78DE91882032A96A00FCA10A /* Assets.xcassets */,
				78DE915F2032871F00FCA10A /* LaunchScreen.storyboard */,
			);
			path = View;
			sourceTree = "<group>";
		};
		78DE91872032A71C00FCA10A /* Controller */ = {
			isa = PBXGroup;
			children = (
				78DE916C2032953300FCA10A /* FlickerImagesViewController.swift */,
				78CEE31E20334F980083A568 /* RefreshContents.xib */,
			);
			path = Controller;
			sourceTree = "<group>";
		};
/* End PBXGroup section */

/* Begin PBXNativeTarget section */
		78DE91522032871F00FCA10A /* SharkFeed */ = {
			isa = PBXNativeTarget;
			buildConfigurationList = 78DE91652032871F00FCA10A /* Build configuration list for PBXNativeTarget "SharkFeed" */;
			buildPhases = (
				78DE914F2032871F00FCA10A /* Sources */,
				78DE91502032871F00FCA10A /* Frameworks */,
				78DE91512032871F00FCA10A /* Resources */,
			);
			buildRules = (
			);
			dependencies = (
			);
			name = SharkFeed;
			productName = SharkFeed;
			productReference = 78DE91532032871F00FCA10A /* SharkFeed.app */;
			productType = "com.apple.product-type.application";
		};
/* End PBXNativeTarget section */

/* Begin PBXProject section */
		78DE914B2032871F00FCA10A /* Project object */ = {
			isa = PBXProject;
			attributes = {
				LastSwiftUpdateCheck = 0920;
				LastUpgradeCheck = 0920;
				ORGANIZATIONNAME = "Raxit Cholera";
				TargetAttributes = {
					78DE91522032871F00FCA10A = {
						CreatedOnToolsVersion = 9.2;
						ProvisioningStyle = Automatic;
					};
				};
			};
			buildConfigurationList = 78DE914E2032871F00FCA10A /* Build configuration list for PBXProject "SharkFeed" */;
			compatibilityVersion = "Xcode 8.0";
			developmentRegion = en;
			hasScannedForEncodings = 0;
			knownRegions = (
				en,
				Base,
			);
			mainGroup = 78DE914A2032871F00FCA10A;
			productRefGroup = 78DE91542032871F00FCA10A /* Products */;
			projectDirPath = "";
			projectRoot = "";
			targets = (
				78DE91522032871F00FCA10A /* SharkFeed */,
			);
		};
/* End PBXProject section */

/* Begin PBXResourcesBuildPhase section */
		78DE91512032871F00FCA10A /* Resources */ = {
			isa = PBXResourcesBuildPhase;
			buildActionMask = 2147483647;
			files = (
				78DE91612032871F00FCA10A /* LaunchScreen.storyboard in Resources */,
				78CEE31F20334F980083A568 /* RefreshContents.xib in Resources */,
				78DE91892032A96A00FCA10A /* Assets.xcassets in Resources */,
				78DE915C2032871F00FCA10A /* Main.storyboard in Resources */,
			);
			runOnlyForDeploymentPostprocessing = 0;
		};
/* End PBXResourcesBuildPhase section */

/* Begin PBXSourcesBuildPhase section */
		78DE914F2032871F00FCA10A /* Sources */ = {
			isa = PBXSourcesBuildPhase;
			buildActionMask = 2147483647;
			files = (
				78DE916D2032953300FCA10A /* FlickerImagesViewController.swift in Sources */,
				78DE916B2032939800FCA10A /* client.swift in Sources */,
				78DE91722032977300FCA10A /* commonFunctions.swift in Sources */,
				789876CA2032EA3D00D830F6 /* Image+CoreDataClass.swift in Sources */,
				78DE918B2032B0CF00FCA10A /* SharkCollectionViewCell.swift in Sources */,
				789876CB2032EA3D00D830F6 /* Image+CoreDataProperties.swift in Sources */,
				78DE917920329A6100FCA10A /* SharkFeed.xcdatamodeld in Sources */,
				78DE9174203297D100FCA10A /* CoreDataManager.swift in Sources */,
				789876C92032EA3D00D830F6 /* Keyword+CoreDataProperties.swift in Sources */,
				78DE91572032871F00FCA10A /* AppDelegate.swift in Sources */,
				789876C82032EA3D00D830F6 /* Keyword+CoreDataClass.swift in Sources */,
				78DE91762032982700FCA10A /* Constants.swift in Sources */,
				78DE917B20329AB600FCA10A /* CoreDataStack.swift in Sources */,
			);
			runOnlyForDeploymentPostprocessing = 0;
		};
/* End PBXSourcesBuildPhase section */

/* Begin PBXVariantGroup section */
		78DE915A2032871F00FCA10A /* Main.storyboard */ = {
			isa = PBXVariantGroup;
			children = (
				78DE915B2032871F00FCA10A /* Base */,
			);
			name = Main.storyboard;
			sourceTree = "<group>";
		};
		78DE915F2032871F00FCA10A /* LaunchScreen.storyboard */ = {
			isa = PBXVariantGroup;
			children = (
				78DE91602032871F00FCA10A /* Base */,
			);
			name = LaunchScreen.storyboard;
			sourceTree = "<group>";
		};
/* End PBXVariantGroup section */

/* Begin XCBuildConfiguration section */
		78DE91632032871F00FCA10A /* Debug */ = {
			isa = XCBuildConfiguration;
			buildSettings = {
				ALWAYS_SEARCH_USER_PATHS = NO;
				CLANG_ANALYZER_NONNULL = YES;
				CLANG_ANALYZER_NUMBER_OBJECT_CONVERSION = YES_AGGRESSIVE;
				CLANG_CXX_LANGUAGE_STANDARD = "gnu++14";
				CLANG_CXX_LIBRARY = "libc++";
				CLANG_ENABLE_MODULES = YES;
				CLANG_ENABLE_OBJC_ARC = YES;
				CLANG_WARN_BLOCK_CAPTURE_AUTORELEASING = YES;
				CLANG_WARN_BOOL_CONVERSION = YES;
				CLANG_WARN_COMMA = YES;
				CLANG_WARN_CONSTANT_CONVERSION = YES;
				CLANG_WARN_DIRECT_OBJC_ISA_USAGE = YES_ERROR;
				CLANG_WARN_DOCUMENTATION_COMMENTS = YES;
				CLANG_WARN_EMPTY_BODY = YES;
				CLANG_WARN_ENUM_CONVERSION = YES;
				CLANG_WARN_INFINITE_RECURSION = YES;
				CLANG_WARN_INT_CONVERSION = YES;
				CLANG_WARN_NON_LITERAL_NULL_CONVERSION = YES;
				CLANG_WARN_OBJC_LITERAL_CONVERSION = YES;
				CLANG_WARN_OBJC_ROOT_CLASS = YES_ERROR;
				CLANG_WARN_RANGE_LOOP_ANALYSIS = YES;
				CLANG_WARN_STRICT_PROTOTYPES = YES;
				CLANG_WARN_SUSPICIOUS_MOVE = YES;
				CLANG_WARN_UNGUARDED_AVAILABILITY = YES_AGGRESSIVE;
				CLANG_WARN_UNREACHABLE_CODE = YES;
				CLANG_WARN__DUPLICATE_METHOD_MATCH = YES;
				CODE_SIGN_IDENTITY = "iPhone Developer";
				COPY_PHASE_STRIP = NO;
				DEBUG_INFORMATION_FORMAT = dwarf;
				ENABLE_STRICT_OBJC_MSGSEND = YES;
				ENABLE_TESTABILITY = YES;
				GCC_C_LANGUAGE_STANDARD = gnu11;
				GCC_DYNAMIC_NO_PIC = NO;
				GCC_NO_COMMON_BLOCKS = YES;
				GCC_OPTIMIZATION_LEVEL = 0;
				GCC_PREPROCESSOR_DEFINITIONS = (
					"DEBUG=1",
					"$(inherited)",
				);
				GCC_WARN_64_TO_32_BIT_CONVERSION = YES;
				GCC_WARN_ABOUT_RETURN_TYPE = YES_ERROR;
				GCC_WARN_UNDECLARED_SELECTOR = YES;
				GCC_WARN_UNINITIALIZED_AUTOS = YES_AGGRESSIVE;
				GCC_WARN_UNUSED_FUNCTION = YES;
				GCC_WARN_UNUSED_VARIABLE = YES;
				IPHONEOS_DEPLOYMENT_TARGET = 11.2;
				MTL_ENABLE_DEBUG_INFO = YES;
				ONLY_ACTIVE_ARCH = YES;
				SDKROOT = iphoneos;
				SWIFT_ACTIVE_COMPILATION_CONDITIONS = DEBUG;
				SWIFT_OPTIMIZATION_LEVEL = "-Onone";
			};
			name = Debug;
		};
		78DE91642032871F00FCA10A /* Release */ = {
			isa = XCBuildConfiguration;
			buildSettings = {
				ALWAYS_SEARCH_USER_PATHS = NO;
				CLANG_ANALYZER_NONNULL = YES;
				CLANG_ANALYZER_NUMBER_OBJECT_CONVERSION = YES_AGGRESSIVE;
				CLANG_CXX_LANGUAGE_STANDARD = "gnu++14";
				CLANG_CXX_LIBRARY = "libc++";
				CLANG_ENABLE_MODULES = YES;
				CLANG_ENABLE_OBJC_ARC = YES;
				CLANG_WARN_BLOCK_CAPTURE_AUTORELEASING = YES;
				CLANG_WARN_BOOL_CONVERSION = YES;
				CLANG_WARN_COMMA = YES;
				CLANG_WARN_CONSTANT_CONVERSION = YES;
				CLANG_WARN_DIRECT_OBJC_ISA_USAGE = YES_ERROR;
				CLANG_WARN_DOCUMENTATION_COMMENTS = YES;
				CLANG_WARN_EMPTY_BODY = YES;
				CLANG_WARN_ENUM_CONVERSION = YES;
				CLANG_WARN_INFINITE_RECURSION = YES;
				CLANG_WARN_INT_CONVERSION = YES;
				CLANG_WARN_NON_LITERAL_NULL_CONVERSION = YES;
				CLANG_WARN_OBJC_LITERAL_CONVERSION = YES;
				CLANG_WARN_OBJC_ROOT_CLASS = YES_ERROR;
				CLANG_WARN_RANGE_LOOP_ANALYSIS = YES;
				CLANG_WARN_STRICT_PROTOTYPES = YES;
				CLANG_WARN_SUSPICIOUS_MOVE = YES;
				CLANG_WARN_UNGUARDED_AVAILABILITY = YES_AGGRESSIVE;
				CLANG_WARN_UNREACHABLE_CODE = YES;
				CLANG_WARN__DUPLICATE_METHOD_MATCH = YES;
				CODE_SIGN_IDENTITY = "iPhone Developer";
				COPY_PHASE_STRIP = NO;
				DEBUG_INFORMATION_FORMAT = "dwarf-with-dsym";
				ENABLE_NS_ASSERTIONS = NO;
				ENABLE_STRICT_OBJC_MSGSEND = YES;
				GCC_C_LANGUAGE_STANDARD = gnu11;
				GCC_NO_COMMON_BLOCKS = YES;
				GCC_WARN_64_TO_32_BIT_CONVERSION = YES;
				GCC_WARN_ABOUT_RETURN_TYPE = YES_ERROR;
				GCC_WARN_UNDECLARED_SELECTOR = YES;
				GCC_WARN_UNINITIALIZED_AUTOS = YES_AGGRESSIVE;
				GCC_WARN_UNUSED_FUNCTION = YES;
				GCC_WARN_UNUSED_VARIABLE = YES;
				IPHONEOS_DEPLOYMENT_TARGET = 11.2;
				MTL_ENABLE_DEBUG_INFO = NO;
				SDKROOT = iphoneos;
				SWIFT_OPTIMIZATION_LEVEL = "-Owholemodule";
				VALIDATE_PRODUCT = YES;
			};
			name = Release;
		};
		78DE91662032871F00FCA10A /* Debug */ = {
			isa = XCBuildConfiguration;
			buildSettings = {
				ASSETCATALOG_COMPILER_APPICON_NAME = AppIcon;
				CODE_SIGN_STYLE = Automatic;
				DEVELOPMENT_TEAM = R6BV4J7KB9;
				INFOPLIST_FILE = SharkFeed/Info.plist;
				IPHONEOS_DEPLOYMENT_TARGET = 9.0;
				LD_RUNPATH_SEARCH_PATHS = "$(inherited) @executable_path/Frameworks";
				PRODUCT_BUNDLE_IDENTIFIER = com.kodeguide.SharkFeed;
				PRODUCT_NAME = "$(TARGET_NAME)";
				SWIFT_VERSION = 4.0;
				TARGETED_DEVICE_FAMILY = "1,2";
			};
			name = Debug;
		};
		78DE91672032871F00FCA10A /* Release */ = {
			isa = XCBuildConfiguration;
			buildSettings = {
				ASSETCATALOG_COMPILER_APPICON_NAME = AppIcon;
				CODE_SIGN_STYLE = Automatic;
				DEVELOPMENT_TEAM = R6BV4J7KB9;
				INFOPLIST_FILE = SharkFeed/Info.plist;
				IPHONEOS_DEPLOYMENT_TARGET = 9.0;
				LD_RUNPATH_SEARCH_PATHS = "$(inherited) @executable_path/Frameworks";
				PRODUCT_BUNDLE_IDENTIFIER = com.kodeguide.SharkFeed;
				PRODUCT_NAME = "$(TARGET_NAME)";
				SWIFT_VERSION = 4.0;
				TARGETED_DEVICE_FAMILY = "1,2";
			};
			name = Release;
		};
/* End XCBuildConfiguration section */

/* Begin XCConfigurationList section */
		78DE914E2032871F00FCA10A /* Build configuration list for PBXProject "SharkFeed" */ = {
			isa = XCConfigurationList;
			buildConfigurations = (
				78DE91632032871F00FCA10A /* Debug */,
				78DE91642032871F00FCA10A /* Release */,
			);
			defaultConfigurationIsVisible = 0;
			defaultConfigurationName = Release;
		};
		78DE91652032871F00FCA10A /* Build configuration list for PBXNativeTarget "SharkFeed" */ = {
			isa = XCConfigurationList;
			buildConfigurations = (
				78DE91662032871F00FCA10A /* Debug */,
				78DE91672032871F00FCA10A /* Release */,
			);
			defaultConfigurationIsVisible = 0;
			defaultConfigurationName = Release;
		};
/* End XCConfigurationList section */

/* Begin XCVersionGroup section */
		78DE917720329A6100FCA10A /* SharkFeed.xcdatamodeld */ = {
			isa = XCVersionGroup;
			children = (
				78DE917820329A6100FCA10A /* SharkFeed.xcdatamodel */,
			);
			currentVersion = 78DE917820329A6100FCA10A /* SharkFeed.xcdatamodel */;
			path = SharkFeed.xcdatamodeld;
			sourceTree = "<group>";
			versionGroupType = wrapper.xcdatamodel;
		};
/* End XCVersionGroup section */
	};
	rootObject = 78DE914B2032871F00FCA10A /* Project object */;
}
